
Microsoft Visual Studio Solution File, Format Version 12.00
# Visual Studio Version 17
VisualStudioVersion = 17.1.32319.34
MinimumVisualStudioVersion = 10.0.40219.1
Project("{9A19103F-16F7-4668-BE54-9A1E7A4F7556}") = "QueueStorageApp", "QueueStorageApp\QueueStorageApp.csproj", "{2282A62F-E537-465D-A625-74924CBFAF09}"
EndProject
Project("{FAE04EC0-301F-11D3-BF4B-00C04F79EFBC}") = "AzureHelper", "AzureHelper\AzureHelper.csproj", "{58AF1B4D-6BF8-4CAD-958C-9E1E7A35F22E}"
EndProject
Global
	GlobalSection(SolutionConfigurationPlatforms) = preSolution
		Debug|Any CPU = Debug|Any CPU
		Release|Any CPU = Release|Any CPU
	EndGlobalSection
	GlobalSection(ProjectConfigurationPlatforms) = postSolution
		{2282A62F-E537-465D-A625-74924CBFAF09}.Debug|Any CPU.ActiveCfg = Debug|Any CPU
		{2282A62F-E537-465D-A625-74924CBFAF09}.Debug|Any CPU.Build.0 = Debug|Any CPU
		{2282A62F-E537-465D-A625-74924CBFAF09}.Release|Any CPU.ActiveCfg = Release|Any CPU
		{2282A62F-E537-465D-A625-74924CBFAF09}.Release|Any CPU.Build.0 = Release|Any CPU
		{58AF1B4D-6BF8-4CAD-958C-9E1E7A35F22E}.Debug|Any CPU.ActiveCfg = Debug|Any CPU
		{58AF1B4D-6BF8-4CAD-958C-9E1E7A35F22E}.Debug|Any CPU.Build.0 = Debug|Any CPU
		{58AF1B4D-6BF8-4CAD-958C-9E1E7A35F22E}.Release|Any CPU.ActiveCfg = Release|Any CPU
		{58AF1B4D-6BF8-4CAD-958C-9E1E7A35F22E}.Release|Any CPU.Build.0 = Release|Any CPU
	EndGlobalSection
	GlobalSection(SolutionProperties) = preSolution
		HideSolutionNode = FALSE
	EndGlobalSection
	GlobalSection(ExtensibilityGlobals) = postSolution
		SolutionGuid = {B281C43E-68B5-46B8-A6B0-719C3729BA94}
	EndGlobalSection
EndGlobal
